// !$*UTF8*$!
{
	archiveVersion = 1;
	classes = {
	};
	objectVersion = 50;
	objects = {

/* Begin PBXBuildFile section */
		D70B6EB024B4D144008EE6F4 /* PentaZen_iOSApp.swift in Sources */ = {isa = PBXBuildFile; fileRef = D70B6EAF24B4D144008EE6F4 /* PentaZen_iOSApp.swift */; };
		D70B6EB224B4D144008EE6F4 /* ContentView.swift in Sources */ = {isa = PBXBuildFile; fileRef = D70B6EB124B4D144008EE6F4 /* ContentView.swift */; };
		D70B6EB424B4D146008EE6F4 /* Assets.xcassets in Resources */ = {isa = PBXBuildFile; fileRef = D70B6EB324B4D146008EE6F4 /* Assets.xcassets */; };
		D70B6EB724B4D146008EE6F4 /* Preview Assets.xcassets in Resources */ = {isa = PBXBuildFile; fileRef = D70B6EB624B4D146008EE6F4 /* Preview Assets.xcassets */; };
		D70B6EC224B4D146008EE6F4 /* PentaZen_iOSTests.swift in Sources */ = {isa = PBXBuildFile; fileRef = D70B6EC124B4D146008EE6F4 /* PentaZen_iOSTests.swift */; };
		D70B6ECD24B4D146008EE6F4 /* PentaZen_iOSUITests.swift in Sources */ = {isa = PBXBuildFile; fileRef = D70B6ECC24B4D146008EE6F4 /* PentaZen_iOSUITests.swift */; };
/* End PBXBuildFile section */

/* Begin PBXContainerItemProxy section */
		D70B6EBE24B4D146008EE6F4 /* PBXContainerItemProxy */ = {
			isa = PBXContainerItemProxy;
			containerPortal = D70B6EA424B4D144008EE6F4 /* Project object */;
			proxyType = 1;
			remoteGlobalIDString = D70B6EAB24B4D144008EE6F4;
			remoteInfo = "PentaZen iOS";
		};
		D70B6EC924B4D146008EE6F4 /* PBXContainerItemProxy */ = {
			isa = PBXContainerItemProxy;
			containerPortal = D70B6EA424B4D144008EE6F4 /* Project object */;
			proxyType = 1;
			remoteGlobalIDString = D70B6EAB24B4D144008EE6F4;
			remoteInfo = "PentaZen iOS";
		};
/* End PBXContainerItemProxy section */

/* Begin PBXFileReference section */
		D70B6EAC24B4D144008EE6F4 /* PentaZen iOS.app */ = {isa = PBXFileReference; explicitFileType = wrapper.application; includeInIndex = 0; path = "PentaZen iOS.app"; sourceTree = BUILT_PRODUCTS_DIR; };
		D70B6EAF24B4D144008EE6F4 /* PentaZen_iOSApp.swift */ = {isa = PBXFileReference; lastKnownFileType = sourcecode.swift; path = PentaZen_iOSApp.swift; sourceTree = "<group>"; };
		D70B6EB124B4D144008EE6F4 /* ContentView.swift */ = {isa = PBXFileReference; lastKnownFileType = sourcecode.swift; path = ContentView.swift; sourceTree = "<group>"; };
		D70B6EB324B4D146008EE6F4 /* Assets.xcassets */ = {isa = PBXFileReference; lastKnownFileType = folder.assetcatalog; path = Assets.xcassets; sourceTree = "<group>"; };
		D70B6EB624B4D146008EE6F4 /* Preview Assets.xcassets */ = {isa = PBXFileReference; lastKnownFileType = folder.assetcatalog; path = "Preview Assets.xcassets"; sourceTree = "<group>"; };
		D70B6EB824B4D146008EE6F4 /* Info.plist */ = {isa = PBXFileReference; lastKnownFileType = text.plist.xml; path = Info.plist; sourceTree = "<group>"; };
		D70B6EBD24B4D146008EE6F4 /* PentaZen iOSTests.xctest */ = {isa = PBXFileReference; explicitFileType = wrapper.cfbundle; includeInIndex = 0; path = "PentaZen iOSTests.xctest"; sourceTree = BUILT_PRODUCTS_DIR; };
		D70B6EC124B4D146008EE6F4 /* PentaZen_iOSTests.swift */ = {isa = PBXFileReference; lastKnownFileType = sourcecode.swift; path = PentaZen_iOSTests.swift; sourceTree = "<group>"; };
		D70B6EC324B4D146008EE6F4 /* Info.plist */ = {isa = PBXFileReference; lastKnownFileType = text.plist.xml; path = Info.plist; sourceTree = "<group>"; };
		D70B6EC824B4D146008EE6F4 /* PentaZen iOSUITests.xctest */ = {isa = PBXFileReference; explicitFileType = wrapper.cfbundle; includeInIndex = 0; path = "PentaZen iOSUITests.xctest"; sourceTree = BUILT_PRODUCTS_DIR; };
		D70B6ECC24B4D146008EE6F4 /* PentaZen_iOSUITests.swift */ = {isa = PBXFileReference; lastKnownFileType = sourcecode.swift; path = PentaZen_iOSUITests.swift; sourceTree = "<group>"; };
		D70B6ECE24B4D146008EE6F4 /* Info.plist */ = {isa = PBXFileReference; lastKnownFileType = text.plist.xml; path = Info.plist; sourceTree = "<group>"; };
/* End PBXFileReference section */

/* Begin PBXFrameworksBuildPhase section */
		D70B6EA924B4D144008EE6F4 /* Frameworks */ = {
			isa = PBXFrameworksBuildPhase;
			buildActionMask = 2147483647;
			files = (
			);
			runOnlyForDeploymentPostprocessing = 0;
		};
		D70B6EBA24B4D146008EE6F4 /* Frameworks */ = {
			isa = PBXFrameworksBuildPhase;
			buildActionMask = 2147483647;
			files = (
			);
			runOnlyForDeploymentPostprocessing = 0;
		};
		D70B6EC524B4D146008EE6F4 /* Frameworks */ = {
			isa = PBXFrameworksBuildPhase;
			buildActionMask = 2147483647;
			files = (
			);
			runOnlyForDeploymentPostprocessing = 0;
		};
/* End PBXFrameworksBuildPhase section */

/* Begin PBXGroup section */
		D70B6EA324B4D144008EE6F4 = {
			isa = PBXGroup;
			children = (
				D70B6EAE24B4D144008EE6F4 /* PentaZen iOS */,
				D70B6EC024B4D146008EE6F4 /* PentaZen iOSTests */,
				D70B6ECB24B4D146008EE6F4 /* PentaZen iOSUITests */,
				D70B6EAD24B4D144008EE6F4 /* Products */,
			);
			sourceTree = "<group>";
		};
		D70B6EAD24B4D144008EE6F4 /* Products */ = {
			isa = PBXGroup;
			children = (
				D70B6EAC24B4D144008EE6F4 /* PentaZen iOS.app */,
				D70B6EBD24B4D146008EE6F4 /* PentaZen iOSTests.xctest */,
				D70B6EC824B4D146008EE6F4 /* PentaZen iOSUITests.xctest */,
			);
			name = Products;
			sourceTree = "<group>";
		};
		D70B6EAE24B4D144008EE6F4 /* PentaZen iOS */ = {
			isa = PBXGroup;
			children = (
				D70B6EAF24B4D144008EE6F4 /* PentaZen_iOSApp.swift */,
				D70B6EB124B4D144008EE6F4 /* ContentView.swift */,
				D70B6EB324B4D146008EE6F4 /* Assets.xcassets */,
				D70B6EB824B4D146008EE6F4 /* Info.plist */,
				D70B6EB524B4D146008EE6F4 /* Preview Content */,
			);
			path = "PentaZen iOS";
			sourceTree = "<group>";
		};
		D70B6EB524B4D146008EE6F4 /* Preview Content */ = {
			isa = PBXGroup;
			children = (
				D70B6EB624B4D146008EE6F4 /* Preview Assets.xcassets */,
			);
			path = "Preview Content";
			sourceTree = "<group>";
		};
		D70B6EC024B4D146008EE6F4 /* PentaZen iOSTests */ = {
			isa = PBXGroup;
			children = (
				D70B6EC124B4D146008EE6F4 /* PentaZen_iOSTests.swift */,
				D70B6EC324B4D146008EE6F4 /* Info.plist */,
			);
			path = "PentaZen iOSTests";
			sourceTree = "<group>";
		};
		D70B6ECB24B4D146008EE6F4 /* PentaZen iOSUITests */ = {
			isa = PBXGroup;
			children = (
				D70B6ECC24B4D146008EE6F4 /* PentaZen_iOSUITests.swift */,
				D70B6ECE24B4D146008EE6F4 /* Info.plist */,
			);
			path = "PentaZen iOSUITests";
			sourceTree = "<group>";
		};
/* End PBXGroup section */

/* Begin PBXNativeTarget section */
		D70B6EAB24B4D144008EE6F4 /* PentaZen iOS */ = {
			isa = PBXNativeTarget;
			buildConfigurationList = D70B6ED124B4D146008EE6F4 /* Build configuration list for PBXNativeTarget "PentaZen iOS" */;
			buildPhases = (
				D70B6EA824B4D144008EE6F4 /* Sources */,
				D70B6EA924B4D144008EE6F4 /* Frameworks */,
				D70B6EAA24B4D144008EE6F4 /* Resources */,
			);
			buildRules = (
			);
			dependencies = (
			);
			name = "PentaZen iOS";
			productName = "PentaZen iOS";
			productReference = D70B6EAC24B4D144008EE6F4 /* PentaZen iOS.app */;
			productType = "com.apple.product-type.application";
		};
		D70B6EBC24B4D146008EE6F4 /* PentaZen iOSTests */ = {
			isa = PBXNativeTarget;
			buildConfigurationList = D70B6ED424B4D146008EE6F4 /* Build configuration list for PBXNativeTarget "PentaZen iOSTests" */;
			buildPhases = (
				D70B6EB924B4D146008EE6F4 /* Sources */,
				D70B6EBA24B4D146008EE6F4 /* Frameworks */,
				D70B6EBB24B4D146008EE6F4 /* Resources */,
			);
			buildRules = (
			);
			dependencies = (
				D70B6EBF24B4D146008EE6F4 /* PBXTargetDependency */,
			);
			name = "PentaZen iOSTests";
			productName = "PentaZen iOSTests";
			productReference = D70B6EBD24B4D146008EE6F4 /* PentaZen iOSTests.xctest */;
			productType = "com.apple.product-type.bundle.unit-test";
		};
		D70B6EC724B4D146008EE6F4 /* PentaZen iOSUITests */ = {
			isa = PBXNativeTarget;
			buildConfigurationList = D70B6ED724B4D146008EE6F4 /* Build configuration list for PBXNativeTarget "PentaZen iOSUITests" */;
			buildPhases = (
				D70B6EC424B4D146008EE6F4 /* Sources */,
				D70B6EC524B4D146008EE6F4 /* Frameworks */,
				D70B6EC624B4D146008EE6F4 /* Resources */,
			);
			buildRules = (
			);
			dependencies = (
				D70B6ECA24B4D146008EE6F4 /* PBXTargetDependency */,
			);
			name = "PentaZen iOSUITests";
			productName = "PentaZen iOSUITests";
			productReference = D70B6EC824B4D146008EE6F4 /* PentaZen iOSUITests.xctest */;
			productType = "com.apple.product-type.bundle.ui-testing";
		};
/* End PBXNativeTarget section */

/* Begin PBXProject section */
		D70B6EA424B4D144008EE6F4 /* Project object */ = {
			isa = PBXProject;
			attributes = {
				LastSwiftUpdateCheck = 1200;
				LastUpgradeCheck = 1200;
				TargetAttributes = {
					D70B6EAB24B4D144008EE6F4 = {
						CreatedOnToolsVersion = 12.0;
					};
					D70B6EBC24B4D146008EE6F4 = {
						CreatedOnToolsVersion = 12.0;
						TestTargetID = D70B6EAB24B4D144008EE6F4;
					};
					D70B6EC724B4D146008EE6F4 = {
						CreatedOnToolsVersion = 12.0;
						TestTargetID = D70B6EAB24B4D144008EE6F4;
					};
				};
			};
			buildConfigurationList = D70B6EA724B4D144008EE6F4 /* Build configuration list for PBXProject "PentaZen iOS" */;
			compatibilityVersion = "Xcode 9.3";
			developmentRegion = en;
			hasScannedForEncodings = 0;
			knownRegions = (
				en,
				Base,
			);
			mainGroup = D70B6EA324B4D144008EE6F4;
			productRefGroup = D70B6EAD24B4D144008EE6F4 /* Products */;
			projectDirPath = "";
			projectRoot = "";
			targets = (
				D70B6EAB24B4D144008EE6F4 /* PentaZen iOS */,
				D70B6EBC24B4D146008EE6F4 /* PentaZen iOSTests */,
				D70B6EC724B4D146008EE6F4 /* PentaZen iOSUITests */,
			);
		};
/* End PBXProject section */

/* Begin PBXResourcesBuildPhase section */
		D70B6EAA24B4D144008EE6F4 /* Resources */ = {
			isa = PBXResourcesBuildPhase;
			buildActionMask = 2147483647;
			files = (
				D70B6EB724B4D146008EE6F4 /* Preview Assets.xcassets in Resources */,
				D70B6EB424B4D146008EE6F4 /* Assets.xcassets in Resources */,
			);
			runOnlyForDeploymentPostprocessing = 0;
		};
		D70B6EBB24B4D146008EE6F4 /* Resources */ = {
			isa = PBXResourcesBuildPhase;
			buildActionMask = 2147483647;
			files = (
			);
			runOnlyForDeploymentPostprocessing = 0;
		};
		D70B6EC624B4D146008EE6F4 /* Resources */ = {
			isa = PBXResourcesBuildPhase;
			buildActionMask = 2147483647;
			files = (
			);
			runOnlyForDeploymentPostprocessing = 0;
		};
/* End PBXResourcesBuildPhase section */

/* Begin PBXSourcesBuildPhase section */
		D70B6EA824B4D144008EE6F4 /* Sources */ = {
			isa = PBXSourcesBuildPhase;
			buildActionMask = 2147483647;
			files = (
				D70B6EB224B4D144008EE6F4 /* ContentView.swift in Sources */,
				D70B6EB024B4D144008EE6F4 /* PentaZen_iOSApp.swift in Sources */,
			);
			runOnlyForDeploymentPostprocessing = 0;
		};
		D70B6EB924B4D146008EE6F4 /* Sources */ = {
			isa = PBXSourcesBuildPhase;
			buildActionMask = 2147483647;
			files = (
				D70B6EC224B4D146008EE6F4 /* PentaZen_iOSTests.swift in Sources */,
			);
			runOnlyForDeploymentPostprocessing = 0;
		};
		D70B6EC424B4D146008EE6F4 /* Sources */ = {
			isa = PBXSourcesBuildPhase;
			buildActionMask = 2147483647;
			files = (
				D70B6ECD24B4D146008EE6F4 /* PentaZen_iOSUITests.swift in Sources */,
			);
			runOnlyForDeploymentPostprocessing = 0;
		};
/* End PBXSourcesBuildPhase section */

/* Begin PBXTargetDependency section */
		D70B6EBF24B4D146008EE6F4 /* PBXTargetDependency */ = {
			isa = PBXTargetDependency;
			target = D70B6EAB24B4D144008EE6F4 /* PentaZen iOS */;
			targetProxy = D70B6EBE24B4D146008EE6F4 /* PBXContainerItemProxy */;
		};
		D70B6ECA24B4D146008EE6F4 /* PBXTargetDependency */ = {
			isa = PBXTargetDependency;
			target = D70B6EAB24B4D144008EE6F4 /* PentaZen iOS */;
			targetProxy = D70B6EC924B4D146008EE6F4 /* PBXContainerItemProxy */;
		};
/* End PBXTargetDependency section */

/* Begin XCBuildConfiguration section */
		D70B6ECF24B4D146008EE6F4 /* Debug */ = {
			isa = XCBuildConfiguration;
			buildSettings = {
				ALWAYS_SEARCH_USER_PATHS = NO;
				CLANG_ANALYZER_NONNULL = YES;
				CLANG_ANALYZER_NUMBER_OBJECT_CONVERSION = YES_AGGRESSIVE;
				CLANG_CXX_LANGUAGE_STANDARD = "gnu++14";
				CLANG_CXX_LIBRARY = "libc++";
				CLANG_ENABLE_MODULES = YES;
				CLANG_ENABLE_OBJC_ARC = YES;
				CLANG_ENABLE_OBJC_WEAK = YES;
				CLANG_WARN_BLOCK_CAPTURE_AUTORELEASING = YES;
				CLANG_WARN_BOOL_CONVERSION = YES;
				CLANG_WARN_COMMA = YES;
				CLANG_WARN_CONSTANT_CONVERSION = YES;
				CLANG_WARN_DEPRECATED_OBJC_IMPLEMENTATIONS = YES;
				CLANG_WARN_DIRECT_OBJC_ISA_USAGE = YES_ERROR;
				CLANG_WARN_DOCUMENTATION_COMMENTS = YES;
				CLANG_WARN_EMPTY_BODY = YES;
				CLANG_WARN_ENUM_CONVERSION = YES;
				CLANG_WARN_INFINITE_RECURSION = YES;
				CLANG_WARN_INT_CONVERSION = YES;
				CLANG_WARN_NON_LITERAL_NULL_CONVERSION = YES;
				CLANG_WARN_OBJC_IMPLICIT_RETAIN_SELF = YES;
				CLANG_WARN_OBJC_LITERAL_CONVERSION = YES;
				CLANG_WARN_OBJC_ROOT_CLASS = YES_ERROR;
				CLANG_WARN_QUOTED_INCLUDE_IN_FRAMEWORK_HEADER = YES;
				CLANG_WARN_RANGE_LOOP_ANALYSIS = YES;
				CLANG_WARN_STRICT_PROTOTYPES = YES;
				CLANG_WARN_SUSPICIOUS_MOVE = YES;
				CLANG_WARN_UNGUARDED_AVAILABILITY = YES_AGGRESSIVE;
				CLANG_WARN_UNREACHABLE_CODE = YES;
				CLANG_WARN__DUPLICATE_METHOD_MATCH = YES;
				COPY_PHASE_STRIP = NO;
				DEBUG_INFORMATION_FORMAT = dwarf;
				ENABLE_STRICT_OBJC_MSGSEND = YES;
				ENABLE_TESTABILITY = YES;
				GCC_C_LANGUAGE_STANDARD = gnu11;
				GCC_DYNAMIC_NO_PIC = NO;
				GCC_NO_COMMON_BLOCKS = YES;
				GCC_OPTIMIZATION_LEVEL = 0;
				GCC_PREPROCESSOR_DEFINITIONS = (
					"DEBUG=1",
					"$(inherited)",
				);
				GCC_WARN_64_TO_32_BIT_CONVERSION = YES;
				GCC_WARN_ABOUT_RETURN_TYPE = YES_ERROR;
				GCC_WARN_UNDECLARED_SELECTOR = YES;
				GCC_WARN_UNINITIALIZED_AUTOS = YES_AGGRESSIVE;
				GCC_WARN_UNUSED_FUNCTION = YES;
				GCC_WARN_UNUSED_VARIABLE = YES;
				IPHONEOS_DEPLOYMENT_TARGET = 14.0;
				MTL_ENABLE_DEBUG_INFO = INCLUDE_SOURCE;
				MTL_FAST_MATH = YES;
				ONLY_ACTIVE_ARCH = YES;
				SDKROOT = iphoneos;
				SWIFT_ACTIVE_COMPILATION_CONDITIONS = DEBUG;
				SWIFT_OPTIMIZATION_LEVEL = "-Onone";
			};
			name = Debug;
		};
		D70B6ED024B4D146008EE6F4 /* Release */ = {
			isa = XCBuildConfiguration;
			buildSettings = {
				ALWAYS_SEARCH_USER_PATHS = NO;
				CLANG_ANALYZER_NONNULL = YES;
				CLANG_ANALYZER_NUMBER_OBJECT_CONVERSION = YES_AGGRESSIVE;
				CLANG_CXX_LANGUAGE_STANDARD = "gnu++14";
				CLANG_CXX_LIBRARY = "libc++";
				CLANG_ENABLE_MODULES = YES;
				CLANG_ENABLE_OBJC_ARC = YES;
				CLANG_ENABLE_OBJC_WEAK = YES;
				CLANG_WARN_BLOCK_CAPTURE_AUTORELEASING = YES;
				CLANG_WARN_BOOL_CONVERSION = YES;
				CLANG_WARN_COMMA = YES;
				CLANG_WARN_CONSTANT_CONVERSION = YES;
				CLANG_WARN_DEPRECATED_OBJC_IMPLEMENTATIONS = YES;
				CLANG_WARN_DIRECT_OBJC_ISA_USAGE = YES_ERROR;
				CLANG_WARN_DOCUMENTATION_COMMENTS = YES;
				CLANG_WARN_EMPTY_BODY = YES;
				CLANG_WARN_ENUM_CONVERSION = YES;
				CLANG_WARN_INFINITE_RECURSION = YES;
				CLANG_WARN_INT_CONVERSION = YES;
				CLANG_WARN_NON_LITERAL_NULL_CONVERSION = YES;
				CLANG_WARN_OBJC_IMPLICIT_RETAIN_SELF = YES;
				CLANG_WARN_OBJC_LITERAL_CONVERSION = YES;
				CLANG_WARN_OBJC_ROOT_CLASS = YES_ERROR;
				CLANG_WARN_QUOTED_INCLUDE_IN_FRAMEWORK_HEADER = YES;
				CLANG_WARN_RANGE_LOOP_ANALYSIS = YES;
				CLANG_WARN_STRICT_PROTOTYPES = YES;
				CLANG_WARN_SUSPICIOUS_MOVE = YES;
				CLANG_WARN_UNGUARDED_AVAILABILITY = YES_AGGRESSIVE;
				CLANG_WARN_UNREACHABLE_CODE = YES;
				CLANG_WARN__DUPLICATE_METHOD_MATCH = YES;
				COPY_PHASE_STRIP = NO;
				DEBUG_INFORMATION_FORMAT = "dwarf-with-dsym";
				ENABLE_NS_ASSERTIONS = NO;
				ENABLE_STRICT_OBJC_MSGSEND = YES;
				GCC_C_LANGUAGE_STANDARD = gnu11;
				GCC_NO_COMMON_BLOCKS = YES;
				GCC_WARN_64_TO_32_BIT_CONVERSION = YES;
				GCC_WARN_ABOUT_RETURN_TYPE = YES_ERROR;
				GCC_WARN_UNDECLARED_SELECTOR = YES;
				GCC_WARN_UNINITIALIZED_AUTOS = YES_AGGRESSIVE;
				GCC_WARN_UNUSED_FUNCTION = YES;
				GCC_WARN_UNUSED_VARIABLE = YES;
				IPHONEOS_DEPLOYMENT_TARGET = 14.0;
				MTL_ENABLE_DEBUG_INFO = NO;
				MTL_FAST_MATH = YES;
				SDKROOT = iphoneos;
				SWIFT_COMPILATION_MODE = wholemodule;
				SWIFT_OPTIMIZATION_LEVEL = "-O";
				VALIDATE_PRODUCT = YES;
			};
			name = Release;
		};
		D70B6ED224B4D146008EE6F4 /* Debug */ = {
			isa = XCBuildConfiguration;
			buildSettings = {
				ASSETCATALOG_COMPILER_APPICON_NAME = AppIcon;
				ASSETCATALOG_COMPILER_GLOBAL_ACCENT_COLOR_NAME = AccentColor;
				CODE_SIGN_STYLE = Automatic;
				DEVELOPMENT_ASSET_PATHS = "\"PentaZen iOS/Preview Content\"";
				ENABLE_PREVIEWS = YES;
				INFOPLIST_FILE = "PentaZen iOS/Info.plist";
				IPHONEOS_DEPLOYMENT_TARGET = 14.0;
				LD_RUNPATH_SEARCH_PATHS = (
					"$(inherited)",
					"@executable_path/Frameworks",
				);
				PRODUCT_BUNDLE_IDENTIFIER = "icu.Proxima.PentaZen-iOS";
				PRODUCT_NAME = "$(TARGET_NAME)";
				SWIFT_VERSION = 5.0;
				TARGETED_DEVICE_FAMILY = "1,2";
			};
			name = Debug;
		};
		D70B6ED324B4D146008EE6F4 /* Release */ = {
			isa = XCBuildConfiguration;
			buildSettings = {
				ASSETCATALOG_COMPILER_APPICON_NAME = AppIcon;
				ASSETCATALOG_COMPILER_GLOBAL_ACCENT_COLOR_NAME = AccentColor;
				CODE_SIGN_STYLE = Automatic;
				DEVELOPMENT_ASSET_PATHS = "\"PentaZen iOS/Preview Content\"";
				ENABLE_PREVIEWS = YES;
				INFOPLIST_FILE = "PentaZen iOS/Info.plist";
				IPHONEOS_DEPLOYMENT_TARGET = 14.0;
				LD_RUNPATH_SEARCH_PATHS = (
					"$(inherited)",
					"@executable_path/Frameworks",
				);
				PRODUCT_BUNDLE_IDENTIFIER = "icu.Proxima.PentaZen-iOS";
				PRODUCT_NAME = "$(TARGET_NAME)";
				SWIFT_VERSION = 5.0;
				TARGETED_DEVICE_FAMILY = "1,2";
			};
			name = Release;
		};
		D70B6ED524B4D146008EE6F4 /* Debug */ = {
			isa = XCBuildConfiguration;
			buildSettings = {
				ALWAYS_EMBED_SWIFT_STANDARD_LIBRARIES = YES;
				BUNDLE_LOADER = "$(TEST_HOST)";
				CODE_SIGN_STYLE = Automatic;
				INFOPLIST_FILE = "PentaZen iOSTests/Info.plist";
				IPHONEOS_DEPLOYMENT_TARGET = 14.0;
				LD_RUNPATH_SEARCH_PATHS = (
					"$(inherited)",
					"@executable_path/Frameworks",
					"@loader_path/Frameworks",
				);
				PRODUCT_BUNDLE_IDENTIFIER = "icu.Proxima.PentaZen-iOSTests";
				PRODUCT_NAME = "$(TARGET_NAME)";
				SWIFT_VERSION = 5.0;
				TARGETED_DEVICE_FAMILY = "1,2";
				TEST_HOST = "$(BUILT_PRODUCTS_DIR)/PentaZen iOS.app/PentaZen iOS";
			};
			name = Debug;
		};
		D70B6ED624B4D146008EE6F4 /* Release */ = {
			isa = XCBuildConfiguration;
			buildSettings = {
				ALWAYS_EMBED_SWIFT_STANDARD_LIBRARIES = YES;
				BUNDLE_LOADER = "$(TEST_HOST)";
				CODE_SIGN_STYLE = Automatic;
				INFOPLIST_FILE = "PentaZen iOSTests/Info.plist";
				IPHONEOS_DEPLOYMENT_TARGET = 14.0;
				LD_RUNPATH_SEARCH_PATHS = (
					"$(inherited)",
					"@executable_path/Frameworks",
					"@loader_path/Frameworks",
				);
				PRODUCT_BUNDLE_IDENTIFIER = "icu.Proxima.PentaZen-iOSTests";
				PRODUCT_NAME = "$(TARGET_NAME)";
				SWIFT_VERSION = 5.0;
				TARGETED_DEVICE_FAMILY = "1,2";
				TEST_HOST = "$(BUILT_PRODUCTS_DIR)/PentaZen iOS.app/PentaZen iOS";
			};
			name = Release;
		};
		D70B6ED824B4D146008EE6F4 /* Debug */ = {
			isa = XCBuildConfiguration;
			buildSettings = {
				ALWAYS_EMBED_SWIFT_STANDARD_LIBRARIES = YES;
				CODE_SIGN_STYLE = Automatic;
				INFOPLIST_FILE = "PentaZen iOSUITests/Info.plist";
				LD_RUNPATH_SEARCH_PATHS = (
					"$(inherited)",
					"@executable_path/Frameworks",
					"@loader_path/Frameworks",
				);
				PRODUCT_BUNDLE_IDENTIFIER = "icu.Proxima.PentaZen-iOSUITests";
				PRODUCT_NAME = "$(TARGET_NAME)";
				SWIFT_VERSION = 5.0;
				TARGETED_DEVICE_FAMILY = "1,2";
				TEST_TARGET_NAME = "PentaZen iOS";
			};
			name = Debug;
		};
		D70B6ED924B4D146008EE6F4 /* Release */ = {
			isa = XCBuildConfiguration;
			buildSettings = {
				ALWAYS_EMBED_SWIFT_STANDARD_LIBRARIES = YES;
				CODE_SIGN_STYLE = Automatic;
				INFOPLIST_FILE = "PentaZen iOSUITests/Info.plist";
				LD_RUNPATH_SEARCH_PATHS = (
					"$(inherited)",
					"@executable_path/Frameworks",
					"@loader_path/Frameworks",
				);
				PRODUCT_BUNDLE_IDENTIFIER = "icu.Proxima.PentaZen-iOSUITests";
				PRODUCT_NAME = "$(TARGET_NAME)";
				SWIFT_VERSION = 5.0;
				TARGETED_DEVICE_FAMILY = "1,2";
				TEST_TARGET_NAME = "PentaZen iOS";
			};
			name = Release;
		};
/* End XCBuildConfiguration section */

/* Begin XCConfigurationList section */
		D70B6EA724B4D144008EE6F4 /* Build configuration list for PBXProject "PentaZen iOS" */ = {
			isa = XCConfigurationList;
			buildConfigurations = (
				D70B6ECF24B4D146008EE6F4 /* Debug */,
				D70B6ED024B4D146008EE6F4 /* Release */,
			);
			defaultConfigurationIsVisible = 0;
			defaultConfigurationName = Release;
		};
		D70B6ED124B4D146008EE6F4 /* Build configuration list for PBXNativeTarget "PentaZen iOS" */ = {
			isa = XCConfigurationList;
			buildConfigurations = (
				D70B6ED224B4D146008EE6F4 /* Debug */,
				D70B6ED324B4D146008EE6F4 /* Release */,
			);
			defaultConfigurationIsVisible = 0;
			defaultConfigurationName = Release;
		};
		D70B6ED424B4D146008EE6F4 /* Build configuration list for PBXNativeTarget "PentaZen iOSTests" */ = {
			isa = XCConfigurationList;
			buildConfigurations = (
				D70B6ED524B4D146008EE6F4 /* Debug */,
				D70B6ED624B4D146008EE6F4 /* Release */,
			);
			defaultConfigurationIsVisible = 0;
			defaultConfigurationName = Release;
		};
		D70B6ED724B4D146008EE6F4 /* Build configuration list for PBXNativeTarget "PentaZen iOSUITests" */ = {
			isa = XCConfigurationList;
			buildConfigurations = (
				D70B6ED824B4D146008EE6F4 /* Debug */,
				D70B6ED924B4D146008EE6F4 /* Release */,
			);
			defaultConfigurationIsVisible = 0;
			defaultConfigurationName = Release;
		};
/* End XCConfigurationList section */
	};
	rootObject = D70B6EA424B4D144008EE6F4 /* Project object */;
}
